{
  "object": {
    "pins": [
      {
        "package": "BaseComponents",
        "repositoryURL": "https://github.com/darkbringer1/BaseComponents.git",
        "state": {
          "branch": null,
          "revision": "a0b9757d19f2ed62d792696edf7af41eb511d5db",
          "version": "1.2.2"
        }
      }
    ]
  },
  "version": 1
}
