// !$*UTF8*$!
{
	archiveVersion = 1;
	classes = {
	};
	objectVersion = 55;
	objects = {

/* Begin PBXBuildFile section */
		9098F23D2722DEAB00B658E6 /* ActionButtonType.swift in Sources */ = {isa = PBXBuildFile; fileRef = 9098F21B2722DEAA00B658E6 /* ActionButtonType.swift */; };
		9098F23E2722DEAB00B658E6 /* ActionButtonData.swift in Sources */ = {isa = PBXBuildFile; fileRef = 9098F21C2722DEAA00B658E6 /* ActionButtonData.swift */; };
		9098F23F2722DEAB00B658E6 /* ActionButton.swift in Sources */ = {isa = PBXBuildFile; fileRef = 9098F21D2722DEAA00B658E6 /* ActionButton.swift */; };
		9098F2402722DEAB00B658E6 /* ActionButtonTheme.swift in Sources */ = {isa = PBXBuildFile; fileRef = 9098F21E2722DEAA00B658E6 /* ActionButtonTheme.swift */; };
		9098F2412722DEAB00B658E6 /* LoginAuthenticationViewData.swift in Sources */ = {isa = PBXBuildFile; fileRef = 9098F2202722DEAA00B658E6 /* LoginAuthenticationViewData.swift */; };
		9098F2422722DEAB00B658E6 /* LoginAuthenticationView.swift in Sources */ = {isa = PBXBuildFile; fileRef = 9098F2212722DEAA00B658E6 /* LoginAuthenticationView.swift */; };
		9098F2432722DEAB00B658E6 /* EmailLoginView.swift in Sources */ = {isa = PBXBuildFile; fileRef = 9098F2232722DEAA00B658E6 /* EmailLoginView.swift */; };
		9098F2442722DEAB00B658E6 /* EmailLoginViewData.swift in Sources */ = {isa = PBXBuildFile; fileRef = 9098F2242722DEAA00B658E6 /* EmailLoginViewData.swift */; };
		9098F2452722DEAB00B658E6 /* LabelDistributionData.swift in Sources */ = {isa = PBXBuildFile; fileRef = 9098F2262722DEAA00B658E6 /* LabelDistributionData.swift */; };
		9098F2462722DEAB00B658E6 /* LabelPackComponentData.swift in Sources */ = {isa = PBXBuildFile; fileRef = 9098F2272722DEAA00B658E6 /* LabelPackComponentData.swift */; };
		9098F2472722DEAB00B658E6 /* LabelPackComponent.swift in Sources */ = {isa = PBXBuildFile; fileRef = 9098F2282722DEAA00B658E6 /* LabelPackComponent.swift */; };
		9098F2482722DEAB00B658E6 /* ItemTableViewCellData.swift in Sources */ = {isa = PBXBuildFile; fileRef = 9098F22A2722DEAA00B658E6 /* ItemTableViewCellData.swift */; };
		9098F2492722DEAB00B658E6 /* ItemTableViewCell.swift in Sources */ = {isa = PBXBuildFile; fileRef = 9098F22B2722DEAA00B658E6 /* ItemTableViewCell.swift */; };
		9098F24B2722DEAB00B658E6 /* ItemListViewData.swift in Sources */ = {isa = PBXBuildFile; fileRef = 9098F22F2722DEAA00B658E6 /* ItemListViewData.swift */; };
		9098F24C2722DEAB00B658E6 /* ItemListProtocol.swift in Sources */ = {isa = PBXBuildFile; fileRef = 9098F2302722DEAA00B658E6 /* ItemListProtocol.swift */; };
		9098F24D2722DEAB00B658E6 /* ItemListView.swift in Sources */ = {isa = PBXBuildFile; fileRef = 9098F2312722DEAA00B658E6 /* ItemListView.swift */; };
		9098F24E2722DEAB00B658E6 /* TextFieldView.swift in Sources */ = {isa = PBXBuildFile; fileRef = 9098F2332722DEAA00B658E6 /* TextFieldView.swift */; };
		9098F24F2722DEAB00B658E6 /* TextFieldViewData.swift in Sources */ = {isa = PBXBuildFile; fileRef = 9098F2342722DEAB00B658E6 /* TextFieldViewData.swift */; };
		9098F2502722DEAB00B658E6 /* HeaderView.swift in Sources */ = {isa = PBXBuildFile; fileRef = 9098F2362722DEAB00B658E6 /* HeaderView.swift */; };
		9098F2512722DEAB00B658E6 /* HeaderViewData.swift in Sources */ = {isa = PBXBuildFile; fileRef = 9098F2372722DEAB00B658E6 /* HeaderViewData.swift */; };
		9098F2532722DEAB00B658E6 /* PageViewComponent.swift in Sources */ = {isa = PBXBuildFile; fileRef = 9098F23B2722DEAB00B658E6 /* PageViewComponent.swift */; };
		9098F2542722DEAB00B658E6 /* PageViewComponentData.swift in Sources */ = {isa = PBXBuildFile; fileRef = 9098F23C2722DEAB00B658E6 /* PageViewComponentData.swift */; };
		9098F2582722DEB700B658E6 /* ViewState.swift in Sources */ = {isa = PBXBuildFile; fileRef = 9098F2572722DEB700B658E6 /* ViewState.swift */; };
		9098F2602722E02200B658E6 /* UIView+Extensions.swift in Sources */ = {isa = PBXBuildFile; fileRef = 9098F25F2722E02200B658E6 /* UIView+Extensions.swift */; };
		9098F2632722E27300B658E6 /* AccountViewDataProtocol.swift in Sources */ = {isa = PBXBuildFile; fileRef = 9098F2622722E27300B658E6 /* AccountViewDataProtocol.swift */; };
		9098F2652722E2A900B658E6 /* AccountViewDataFormatter.swift in Sources */ = {isa = PBXBuildFile; fileRef = 9098F2642722E2A900B658E6 /* AccountViewDataFormatter.swift */; };
		9098F2672722E2EC00B658E6 /* SFSymbolsHelper.swift in Sources */ = {isa = PBXBuildFile; fileRef = 9098F2662722E2EC00B658E6 /* SFSymbolsHelper.swift */; };
		9098F26A2722ECAA00B658E6 /* AccountViewModel.swift in Sources */ = {isa = PBXBuildFile; fileRef = 9098F2692722ECAA00B658E6 /* AccountViewModel.swift */; };
		9098F26C2722EFAE00B658E6 /* AccountViewController.swift in Sources */ = {isa = PBXBuildFile; fileRef = 9098F26B2722EFAE00B658E6 /* AccountViewController.swift */; };
		9098F26E2722F18700B658E6 /* AccountViewBuilder.swift in Sources */ = {isa = PBXBuildFile; fileRef = 9098F26D2722F18700B658E6 /* AccountViewBuilder.swift */; };
		9098F27E2722F5F800B658E6 /* LoginViewModel.swift in Sources */ = {isa = PBXBuildFile; fileRef = 9098F27B2722F5F800B658E6 /* LoginViewModel.swift */; };
		9098F27F2722F5F800B658E6 /* LoginViewBuilder.swift in Sources */ = {isa = PBXBuildFile; fileRef = 9098F27C2722F5F800B658E6 /* LoginViewBuilder.swift */; };
		9098F2802722F5F800B658E6 /* LoginViewController.swift in Sources */ = {isa = PBXBuildFile; fileRef = 9098F27D2722F5F800B658E6 /* LoginViewController.swift */; };
		90B2F7AF272064AE00726A89 /* AppDelegate.swift in Sources */ = {isa = PBXBuildFile; fileRef = 90B2F7AE272064AE00726A89 /* AppDelegate.swift */; };
		90B2F7B3272064AE00726A89 /* ViewController.swift in Sources */ = {isa = PBXBuildFile; fileRef = 90B2F7B2272064AE00726A89 /* ViewController.swift */; };
		90B2F7B8272064B500726A89 /* Assets.xcassets in Resources */ = {isa = PBXBuildFile; fileRef = 90B2F7B7272064B500726A89 /* Assets.xcassets */; };
		90B2F7BB272064B500726A89 /* LaunchScreen.storyboard in Resources */ = {isa = PBXBuildFile; fileRef = 90B2F7B9272064B500726A89 /* LaunchScreen.storyboard */; };
		90B2F7C6272064B600726A89 /* AllHereTests.swift in Sources */ = {isa = PBXBuildFile; fileRef = 90B2F7C5272064B600726A89 /* AllHereTests.swift */; };
		90B2F7D0272064B600726A89 /* AllHereUITests.swift in Sources */ = {isa = PBXBuildFile; fileRef = 90B2F7CF272064B600726A89 /* AllHereUITests.swift */; };
		90B2F7D2272064B600726A89 /* AllHereUITestsLaunchTests.swift in Sources */ = {isa = PBXBuildFile; fileRef = 90B2F7D1272064B600726A89 /* AllHereUITestsLaunchTests.swift */; };
		90B2F7E02720737F00726A89 /* BaseComponents in Frameworks */ = {isa = PBXBuildFile; productRef = 90B2F7DF2720737F00726A89 /* BaseComponents */; };
		90B2F7E42720740100726A89 /* SplashViewModel.swift in Sources */ = {isa = PBXBuildFile; fileRef = 90B2F7E32720740100726A89 /* SplashViewModel.swift */; };
		90B2F7E62720747F00726A89 /* SplashViewController.swift in Sources */ = {isa = PBXBuildFile; fileRef = 90B2F7E52720747F00726A89 /* SplashViewController.swift */; };
		90B2F7F7272074D000726A89 /* Roboto-Medium.ttf in Resources */ = {isa = PBXBuildFile; fileRef = 90B2F7EA272074D000726A89 /* Roboto-Medium.ttf */; };
		90B2F7F8272074D000726A89 /* Roboto-Light.ttf in Resources */ = {isa = PBXBuildFile; fileRef = 90B2F7EB272074D000726A89 /* Roboto-Light.ttf */; };
		90B2F7F9272074D000726A89 /* Roboto-Regular.ttf in Resources */ = {isa = PBXBuildFile; fileRef = 90B2F7EC272074D000726A89 /* Roboto-Regular.ttf */; };
		90B2F7FA272074D000726A89 /* Roboto-MediumItalic.ttf in Resources */ = {isa = PBXBuildFile; fileRef = 90B2F7ED272074D000726A89 /* Roboto-MediumItalic.ttf */; };
		90B2F7FB272074D000726A89 /* Roboto-ThinItalic.ttf in Resources */ = {isa = PBXBuildFile; fileRef = 90B2F7EE272074D000726A89 /* Roboto-ThinItalic.ttf */; };
		90B2F7FC272074D000726A89 /* Roboto-BoldItalic.ttf in Resources */ = {isa = PBXBuildFile; fileRef = 90B2F7EF272074D000726A89 /* Roboto-BoldItalic.ttf */; };
		90B2F7FD272074D000726A89 /* Roboto-LightItalic.ttf in Resources */ = {isa = PBXBuildFile; fileRef = 90B2F7F0272074D000726A89 /* Roboto-LightItalic.ttf */; };
		90B2F7FE272074D000726A89 /* Roboto-Italic.ttf in Resources */ = {isa = PBXBuildFile; fileRef = 90B2F7F1272074D000726A89 /* Roboto-Italic.ttf */; };
		90B2F7FF272074D000726A89 /* LICENSE.txt in Resources */ = {isa = PBXBuildFile; fileRef = 90B2F7F2272074D000726A89 /* LICENSE.txt */; };
		90B2F800272074D000726A89 /* Roboto-BlackItalic.ttf in Resources */ = {isa = PBXBuildFile; fileRef = 90B2F7F3272074D000726A89 /* Roboto-BlackItalic.ttf */; };
		90B2F801272074D000726A89 /* Roboto-Bold.ttf in Resources */ = {isa = PBXBuildFile; fileRef = 90B2F7F4272074D000726A89 /* Roboto-Bold.ttf */; };
		90B2F802272074D000726A89 /* Roboto-Thin.ttf in Resources */ = {isa = PBXBuildFile; fileRef = 90B2F7F5272074D000726A89 /* Roboto-Thin.ttf */; };
		90B2F803272074D000726A89 /* Roboto-Black.ttf in Resources */ = {isa = PBXBuildFile; fileRef = 90B2F7F6272074D000726A89 /* Roboto-Black.ttf */; };
		90B2F806272074E500726A89 /* FontManager.swift in Sources */ = {isa = PBXBuildFile; fileRef = 90B2F805272074E500726A89 /* FontManager.swift */; };
		90B2F80A2720755E00726A89 /* BackgroundImages.swift in Sources */ = {isa = PBXBuildFile; fileRef = 90B2F8092720755E00726A89 /* BackgroundImages.swift */; };
		90B2F80C272075D100726A89 /* SplashViewBuilder.swift in Sources */ = {isa = PBXBuildFile; fileRef = 90B2F80B272075D100726A89 /* SplashViewBuilder.swift */; };
		90B2F80F2720CDD400726A89 /* FirebaseAuth in Frameworks */ = {isa = PBXBuildFile; productRef = 90B2F80E2720CDD400726A89 /* FirebaseAuth */; };
		90B2F8142720CF7B00726A89 /* AuthenticationManagerProtocol.swift in Sources */ = {isa = PBXBuildFile; fileRef = 90B2F8132720CF7B00726A89 /* AuthenticationManagerProtocol.swift */; };
		90B2F8162720CF9B00726A89 /* AuthenticationRequest.swift in Sources */ = {isa = PBXBuildFile; fileRef = 90B2F8152720CF9B00726A89 /* AuthenticationRequest.swift */; };
		90B2F8182720CFA800726A89 /* AuthenticationManager.swift in Sources */ = {isa = PBXBuildFile; fileRef = 90B2F8172720CFA800726A89 /* AuthenticationManager.swift */; };
		90B2F81D2720D1BF00726A89 /* MainViewBuilder.swift in Sources */ = {isa = PBXBuildFile; fileRef = 90B2F81A2720D1BE00726A89 /* MainViewBuilder.swift */; };
		90B2F81E2720D1C000726A89 /* MainViewController.swift in Sources */ = {isa = PBXBuildFile; fileRef = 90B2F81B2720D1BF00726A89 /* MainViewController.swift */; };
		90B2F81F2720D1C000726A89 /* MainViewModel.swift in Sources */ = {isa = PBXBuildFile; fileRef = 90B2F81C2720D1BF00726A89 /* MainViewModel.swift */; };
		90B2F8212720D24B00726A89 /* TabBarImages.swift in Sources */ = {isa = PBXBuildFile; fileRef = 90B2F8202720D24B00726A89 /* TabBarImages.swift */; };
/* End PBXBuildFile section */

/* Begin PBXContainerItemProxy section */
		90B2F7C2272064B600726A89 /* PBXContainerItemProxy */ = {
			isa = PBXContainerItemProxy;
			containerPortal = 90B2F7A3272064AE00726A89 /* Project object */;
			proxyType = 1;
			remoteGlobalIDString = 90B2F7AA272064AE00726A89;
			remoteInfo = AllHere;
		};
		90B2F7CC272064B600726A89 /* PBXContainerItemProxy */ = {
			isa = PBXContainerItemProxy;
			containerPortal = 90B2F7A3272064AE00726A89 /* Project object */;
			proxyType = 1;
			remoteGlobalIDString = 90B2F7AA272064AE00726A89;
			remoteInfo = AllHere;
		};
/* End PBXContainerItemProxy section */

/* Begin PBXFileReference section */
		9098F21B2722DEAA00B658E6 /* ActionButtonType.swift */ = {isa = PBXFileReference; fileEncoding = 4; lastKnownFileType = sourcecode.swift; path = ActionButtonType.swift; sourceTree = "<group>"; };
		9098F21C2722DEAA00B658E6 /* ActionButtonData.swift */ = {isa = PBXFileReference; fileEncoding = 4; lastKnownFileType = sourcecode.swift; path = ActionButtonData.swift; sourceTree = "<group>"; };
		9098F21D2722DEAA00B658E6 /* ActionButton.swift */ = {isa = PBXFileReference; fileEncoding = 4; lastKnownFileType = sourcecode.swift; path = ActionButton.swift; sourceTree = "<group>"; };
		9098F21E2722DEAA00B658E6 /* ActionButtonTheme.swift */ = {isa = PBXFileReference; fileEncoding = 4; lastKnownFileType = sourcecode.swift; path = ActionButtonTheme.swift; sourceTree = "<group>"; };
		9098F2202722DEAA00B658E6 /* LoginAuthenticationViewData.swift */ = {isa = PBXFileReference; fileEncoding = 4; lastKnownFileType = sourcecode.swift; path = LoginAuthenticationViewData.swift; sourceTree = "<group>"; };
		9098F2212722DEAA00B658E6 /* LoginAuthenticationView.swift */ = {isa = PBXFileReference; fileEncoding = 4; lastKnownFileType = sourcecode.swift; path = LoginAuthenticationView.swift; sourceTree = "<group>"; };
		9098F2232722DEAA00B658E6 /* EmailLoginView.swift */ = {isa = PBXFileReference; fileEncoding = 4; lastKnownFileType = sourcecode.swift; path = EmailLoginView.swift; sourceTree = "<group>"; };
		9098F2242722DEAA00B658E6 /* EmailLoginViewData.swift */ = {isa = PBXFileReference; fileEncoding = 4; lastKnownFileType = sourcecode.swift; path = EmailLoginViewData.swift; sourceTree = "<group>"; };
		9098F2262722DEAA00B658E6 /* LabelDistributionData.swift */ = {isa = PBXFileReference; fileEncoding = 4; lastKnownFileType = sourcecode.swift; path = LabelDistributionData.swift; sourceTree = "<group>"; };
		9098F2272722DEAA00B658E6 /* LabelPackComponentData.swift */ = {isa = PBXFileReference; fileEncoding = 4; lastKnownFileType = sourcecode.swift; path = LabelPackComponentData.swift; sourceTree = "<group>"; };
		9098F2282722DEAA00B658E6 /* LabelPackComponent.swift */ = {isa = PBXFileReference; fileEncoding = 4; lastKnownFileType = sourcecode.swift; path = LabelPackComponent.swift; sourceTree = "<group>"; };
		9098F22A2722DEAA00B658E6 /* ItemTableViewCellData.swift */ = {isa = PBXFileReference; fileEncoding = 4; lastKnownFileType = sourcecode.swift; path = ItemTableViewCellData.swift; sourceTree = "<group>"; };
		9098F22B2722DEAA00B658E6 /* ItemTableViewCell.swift */ = {isa = PBXFileReference; fileEncoding = 4; lastKnownFileType = sourcecode.swift; path = ItemTableViewCell.swift; sourceTree = "<group>"; };
		9098F22F2722DEAA00B658E6 /* ItemListViewData.swift */ = {isa = PBXFileReference; fileEncoding = 4; lastKnownFileType = sourcecode.swift; path = ItemListViewData.swift; sourceTree = "<group>"; };
		9098F2302722DEAA00B658E6 /* ItemListProtocol.swift */ = {isa = PBXFileReference; fileEncoding = 4; lastKnownFileType = sourcecode.swift; path = ItemListProtocol.swift; sourceTree = "<group>"; };
		9098F2312722DEAA00B658E6 /* ItemListView.swift */ = {isa = PBXFileReference; fileEncoding = 4; lastKnownFileType = sourcecode.swift; path = ItemListView.swift; sourceTree = "<group>"; };
		9098F2332722DEAA00B658E6 /* TextFieldView.swift */ = {isa = PBXFileReference; fileEncoding = 4; lastKnownFileType = sourcecode.swift; path = TextFieldView.swift; sourceTree = "<group>"; };
		9098F2342722DEAB00B658E6 /* TextFieldViewData.swift */ = {isa = PBXFileReference; fileEncoding = 4; lastKnownFileType = sourcecode.swift; path = TextFieldViewData.swift; sourceTree = "<group>"; };
		9098F2362722DEAB00B658E6 /* HeaderView.swift */ = {isa = PBXFileReference; fileEncoding = 4; lastKnownFileType = sourcecode.swift; path = HeaderView.swift; sourceTree = "<group>"; };
		9098F2372722DEAB00B658E6 /* HeaderViewData.swift */ = {isa = PBXFileReference; fileEncoding = 4; lastKnownFileType = sourcecode.swift; path = HeaderViewData.swift; sourceTree = "<group>"; };
		9098F23B2722DEAB00B658E6 /* PageViewComponent.swift */ = {isa = PBXFileReference; fileEncoding = 4; lastKnownFileType = sourcecode.swift; path = PageViewComponent.swift; sourceTree = "<group>"; };
		9098F23C2722DEAB00B658E6 /* PageViewComponentData.swift */ = {isa = PBXFileReference; fileEncoding = 4; lastKnownFileType = sourcecode.swift; path = PageViewComponentData.swift; sourceTree = "<group>"; };
		9098F2572722DEB700B658E6 /* ViewState.swift */ = {isa = PBXFileReference; fileEncoding = 4; lastKnownFileType = sourcecode.swift; path = ViewState.swift; sourceTree = "<group>"; };
		9098F25F2722E02200B658E6 /* UIView+Extensions.swift */ = {isa = PBXFileReference; lastKnownFileType = sourcecode.swift; path = "UIView+Extensions.swift"; sourceTree = "<group>"; };
		9098F2622722E27300B658E6 /* AccountViewDataProtocol.swift */ = {isa = PBXFileReference; lastKnownFileType = sourcecode.swift; path = AccountViewDataProtocol.swift; sourceTree = "<group>"; };
		9098F2642722E2A900B658E6 /* AccountViewDataFormatter.swift */ = {isa = PBXFileReference; lastKnownFileType = sourcecode.swift; path = AccountViewDataFormatter.swift; sourceTree = "<group>"; };
		9098F2662722E2EC00B658E6 /* SFSymbolsHelper.swift */ = {isa = PBXFileReference; fileEncoding = 4; lastKnownFileType = sourcecode.swift; path = SFSymbolsHelper.swift; sourceTree = "<group>"; };
		9098F2692722ECAA00B658E6 /* AccountViewModel.swift */ = {isa = PBXFileReference; lastKnownFileType = sourcecode.swift; path = AccountViewModel.swift; sourceTree = "<group>"; };
		9098F26B2722EFAE00B658E6 /* AccountViewController.swift */ = {isa = PBXFileReference; lastKnownFileType = sourcecode.swift; path = AccountViewController.swift; sourceTree = "<group>"; };
		9098F26D2722F18700B658E6 /* AccountViewBuilder.swift */ = {isa = PBXFileReference; lastKnownFileType = sourcecode.swift; path = AccountViewBuilder.swift; sourceTree = "<group>"; };
		9098F27B2722F5F800B658E6 /* LoginViewModel.swift */ = {isa = PBXFileReference; fileEncoding = 4; lastKnownFileType = sourcecode.swift; path = LoginViewModel.swift; sourceTree = "<group>"; };
		9098F27C2722F5F800B658E6 /* LoginViewBuilder.swift */ = {isa = PBXFileReference; fileEncoding = 4; lastKnownFileType = sourcecode.swift; path = LoginViewBuilder.swift; sourceTree = "<group>"; };
		9098F27D2722F5F800B658E6 /* LoginViewController.swift */ = {isa = PBXFileReference; fileEncoding = 4; lastKnownFileType = sourcecode.swift; path = LoginViewController.swift; sourceTree = "<group>"; };
		90B2F7AB272064AE00726A89 /* AllHere.app */ = {isa = PBXFileReference; explicitFileType = wrapper.application; includeInIndex = 0; path = AllHere.app; sourceTree = BUILT_PRODUCTS_DIR; };
		90B2F7AE272064AE00726A89 /* AppDelegate.swift */ = {isa = PBXFileReference; lastKnownFileType = sourcecode.swift; path = AppDelegate.swift; sourceTree = "<group>"; };
		90B2F7B2272064AE00726A89 /* ViewController.swift */ = {isa = PBXFileReference; lastKnownFileType = sourcecode.swift; path = ViewController.swift; sourceTree = "<group>"; };
		90B2F7B7272064B500726A89 /* Assets.xcassets */ = {isa = PBXFileReference; lastKnownFileType = folder.assetcatalog; path = Assets.xcassets; sourceTree = "<group>"; };
		90B2F7BA272064B500726A89 /* Base */ = {isa = PBXFileReference; lastKnownFileType = file.storyboard; name = Base; path = Base.lproj/LaunchScreen.storyboard; sourceTree = "<group>"; };
		90B2F7BC272064B500726A89 /* Info.plist */ = {isa = PBXFileReference; lastKnownFileType = text.plist.xml; path = Info.plist; sourceTree = "<group>"; };
		90B2F7C1272064B600726A89 /* AllHereTests.xctest */ = {isa = PBXFileReference; explicitFileType = wrapper.cfbundle; includeInIndex = 0; path = AllHereTests.xctest; sourceTree = BUILT_PRODUCTS_DIR; };
		90B2F7C5272064B600726A89 /* AllHereTests.swift */ = {isa = PBXFileReference; lastKnownFileType = sourcecode.swift; path = AllHereTests.swift; sourceTree = "<group>"; };
		90B2F7CB272064B600726A89 /* AllHereUITests.xctest */ = {isa = PBXFileReference; explicitFileType = wrapper.cfbundle; includeInIndex = 0; path = AllHereUITests.xctest; sourceTree = BUILT_PRODUCTS_DIR; };
		90B2F7CF272064B600726A89 /* AllHereUITests.swift */ = {isa = PBXFileReference; lastKnownFileType = sourcecode.swift; path = AllHereUITests.swift; sourceTree = "<group>"; };
		90B2F7D1272064B600726A89 /* AllHereUITestsLaunchTests.swift */ = {isa = PBXFileReference; lastKnownFileType = sourcecode.swift; path = AllHereUITestsLaunchTests.swift; sourceTree = "<group>"; };
		90B2F7E32720740100726A89 /* SplashViewModel.swift */ = {isa = PBXFileReference; lastKnownFileType = sourcecode.swift; path = SplashViewModel.swift; sourceTree = "<group>"; };
		90B2F7E52720747F00726A89 /* SplashViewController.swift */ = {isa = PBXFileReference; lastKnownFileType = sourcecode.swift; path = SplashViewController.swift; sourceTree = "<group>"; };
		90B2F7EA272074D000726A89 /* Roboto-Medium.ttf */ = {isa = PBXFileReference; lastKnownFileType = file; path = "Roboto-Medium.ttf"; sourceTree = "<group>"; };
		90B2F7EB272074D000726A89 /* Roboto-Light.ttf */ = {isa = PBXFileReference; lastKnownFileType = file; path = "Roboto-Light.ttf"; sourceTree = "<group>"; };
		90B2F7EC272074D000726A89 /* Roboto-Regular.ttf */ = {isa = PBXFileReference; lastKnownFileType = file; path = "Roboto-Regular.ttf"; sourceTree = "<group>"; };
		90B2F7ED272074D000726A89 /* Roboto-MediumItalic.ttf */ = {isa = PBXFileReference; lastKnownFileType = file; path = "Roboto-MediumItalic.ttf"; sourceTree = "<group>"; };
		90B2F7EE272074D000726A89 /* Roboto-ThinItalic.ttf */ = {isa = PBXFileReference; lastKnownFileType = file; path = "Roboto-ThinItalic.ttf"; sourceTree = "<group>"; };
		90B2F7EF272074D000726A89 /* Roboto-BoldItalic.ttf */ = {isa = PBXFileReference; lastKnownFileType = file; path = "Roboto-BoldItalic.ttf"; sourceTree = "<group>"; };
		90B2F7F0272074D000726A89 /* Roboto-LightItalic.ttf */ = {isa = PBXFileReference; lastKnownFileType = file; path = "Roboto-LightItalic.ttf"; sourceTree = "<group>"; };
		90B2F7F1272074D000726A89 /* Roboto-Italic.ttf */ = {isa = PBXFileReference; lastKnownFileType = file; path = "Roboto-Italic.ttf"; sourceTree = "<group>"; };
		90B2F7F2272074D000726A89 /* LICENSE.txt */ = {isa = PBXFileReference; fileEncoding = 4; lastKnownFileType = text; path = LICENSE.txt; sourceTree = "<group>"; };
		90B2F7F3272074D000726A89 /* Roboto-BlackItalic.ttf */ = {isa = PBXFileReference; lastKnownFileType = file; path = "Roboto-BlackItalic.ttf"; sourceTree = "<group>"; };
		90B2F7F4272074D000726A89 /* Roboto-Bold.ttf */ = {isa = PBXFileReference; lastKnownFileType = file; path = "Roboto-Bold.ttf"; sourceTree = "<group>"; };
		90B2F7F5272074D000726A89 /* Roboto-Thin.ttf */ = {isa = PBXFileReference; lastKnownFileType = file; path = "Roboto-Thin.ttf"; sourceTree = "<group>"; };
		90B2F7F6272074D000726A89 /* Roboto-Black.ttf */ = {isa = PBXFileReference; lastKnownFileType = file; path = "Roboto-Black.ttf"; sourceTree = "<group>"; };
		90B2F805272074E500726A89 /* FontManager.swift */ = {isa = PBXFileReference; lastKnownFileType = sourcecode.swift; path = FontManager.swift; sourceTree = "<group>"; };
		90B2F8092720755E00726A89 /* BackgroundImages.swift */ = {isa = PBXFileReference; lastKnownFileType = sourcecode.swift; path = BackgroundImages.swift; sourceTree = "<group>"; };
		90B2F80B272075D100726A89 /* SplashViewBuilder.swift */ = {isa = PBXFileReference; lastKnownFileType = sourcecode.swift; path = SplashViewBuilder.swift; sourceTree = "<group>"; };
		90B2F8132720CF7B00726A89 /* AuthenticationManagerProtocol.swift */ = {isa = PBXFileReference; lastKnownFileType = sourcecode.swift; path = AuthenticationManagerProtocol.swift; sourceTree = "<group>"; };
		90B2F8152720CF9B00726A89 /* AuthenticationRequest.swift */ = {isa = PBXFileReference; lastKnownFileType = sourcecode.swift; path = AuthenticationRequest.swift; sourceTree = "<group>"; };
		90B2F8172720CFA800726A89 /* AuthenticationManager.swift */ = {isa = PBXFileReference; lastKnownFileType = sourcecode.swift; path = AuthenticationManager.swift; sourceTree = "<group>"; };
		90B2F81A2720D1BE00726A89 /* MainViewBuilder.swift */ = {isa = PBXFileReference; fileEncoding = 4; lastKnownFileType = sourcecode.swift; path = MainViewBuilder.swift; sourceTree = "<group>"; };
		90B2F81B2720D1BF00726A89 /* MainViewController.swift */ = {isa = PBXFileReference; fileEncoding = 4; lastKnownFileType = sourcecode.swift; path = MainViewController.swift; sourceTree = "<group>"; };
		90B2F81C2720D1BF00726A89 /* MainViewModel.swift */ = {isa = PBXFileReference; fileEncoding = 4; lastKnownFileType = sourcecode.swift; path = MainViewModel.swift; sourceTree = "<group>"; };
		90B2F8202720D24B00726A89 /* TabBarImages.swift */ = {isa = PBXFileReference; fileEncoding = 4; lastKnownFileType = sourcecode.swift; path = TabBarImages.swift; sourceTree = "<group>"; };
/* End PBXFileReference section */

/* Begin PBXFrameworksBuildPhase section */
		90B2F7A8272064AE00726A89 /* Frameworks */ = {
			isa = PBXFrameworksBuildPhase;
			buildActionMask = 2147483647;
			files = (
				90B2F7E02720737F00726A89 /* BaseComponents in Frameworks */,
				90B2F80F2720CDD400726A89 /* FirebaseAuth in Frameworks */,
			);
			runOnlyForDeploymentPostprocessing = 0;
		};
		90B2F7BE272064B600726A89 /* Frameworks */ = {
			isa = PBXFrameworksBuildPhase;
			buildActionMask = 2147483647;
			files = (
			);
			runOnlyForDeploymentPostprocessing = 0;
		};
		90B2F7C8272064B600726A89 /* Frameworks */ = {
			isa = PBXFrameworksBuildPhase;
			buildActionMask = 2147483647;
			files = (
			);
			runOnlyForDeploymentPostprocessing = 0;
		};
/* End PBXFrameworksBuildPhase section */

/* Begin PBXGroup section */
		9098F2192722DEAA00B658E6 /* Components */ = {
			isa = PBXGroup;
			children = (
				9098F21A2722DEAA00B658E6 /* ActionButtonComponent */,
				9098F21F2722DEAA00B658E6 /* LoginAuthenticationComponent */,
				9098F2222722DEAA00B658E6 /* EmailLoginComponent */,
				9098F2252722DEAA00B658E6 /* LabelPackComponent */,
				9098F2292722DEAA00B658E6 /* ItemComponents */,
				9098F22E2722DEAA00B658E6 /* ItemListViewComponents */,
				9098F2322722DEAA00B658E6 /* TextFieldComponent */,
				9098F2352722DEAB00B658E6 /* HeaderViewComponent */,
				9098F23A2722DEAB00B658E6 /* PageViewComponent */,
			);
			path = Components;
			sourceTree = "<group>";
		};
		9098F21A2722DEAA00B658E6 /* ActionButtonComponent */ = {
			isa = PBXGroup;
			children = (
				9098F21B2722DEAA00B658E6 /* ActionButtonType.swift */,
				9098F21C2722DEAA00B658E6 /* ActionButtonData.swift */,
				9098F21D2722DEAA00B658E6 /* ActionButton.swift */,
				9098F21E2722DEAA00B658E6 /* ActionButtonTheme.swift */,
			);
			path = ActionButtonComponent;
			sourceTree = "<group>";
		};
		9098F21F2722DEAA00B658E6 /* LoginAuthenticationComponent */ = {
			isa = PBXGroup;
			children = (
				9098F2202722DEAA00B658E6 /* LoginAuthenticationViewData.swift */,
				9098F2212722DEAA00B658E6 /* LoginAuthenticationView.swift */,
			);
			path = LoginAuthenticationComponent;
			sourceTree = "<group>";
		};
		9098F2222722DEAA00B658E6 /* EmailLoginComponent */ = {
			isa = PBXGroup;
			children = (
				9098F2232722DEAA00B658E6 /* EmailLoginView.swift */,
				9098F2242722DEAA00B658E6 /* EmailLoginViewData.swift */,
			);
			path = EmailLoginComponent;
			sourceTree = "<group>";
		};
		9098F2252722DEAA00B658E6 /* LabelPackComponent */ = {
			isa = PBXGroup;
			children = (
				9098F2262722DEAA00B658E6 /* LabelDistributionData.swift */,
				9098F2272722DEAA00B658E6 /* LabelPackComponentData.swift */,
				9098F2282722DEAA00B658E6 /* LabelPackComponent.swift */,
			);
			path = LabelPackComponent;
			sourceTree = "<group>";
		};
		9098F2292722DEAA00B658E6 /* ItemComponents */ = {
			isa = PBXGroup;
			children = (
				9098F22A2722DEAA00B658E6 /* ItemTableViewCellData.swift */,
				9098F22B2722DEAA00B658E6 /* ItemTableViewCell.swift */,
			);
			path = ItemComponents;
			sourceTree = "<group>";
		};
		9098F22E2722DEAA00B658E6 /* ItemListViewComponents */ = {
			isa = PBXGroup;
			children = (
				9098F22F2722DEAA00B658E6 /* ItemListViewData.swift */,
				9098F2302722DEAA00B658E6 /* ItemListProtocol.swift */,
				9098F2312722DEAA00B658E6 /* ItemListView.swift */,
			);
			path = ItemListViewComponents;
			sourceTree = "<group>";
		};
		9098F2322722DEAA00B658E6 /* TextFieldComponent */ = {
			isa = PBXGroup;
			children = (
				9098F2332722DEAA00B658E6 /* TextFieldView.swift */,
				9098F2342722DEAB00B658E6 /* TextFieldViewData.swift */,
			);
			path = TextFieldComponent;
			sourceTree = "<group>";
		};
		9098F2352722DEAB00B658E6 /* HeaderViewComponent */ = {
			isa = PBXGroup;
			children = (
				9098F2362722DEAB00B658E6 /* HeaderView.swift */,
				9098F2372722DEAB00B658E6 /* HeaderViewData.swift */,
			);
			path = HeaderViewComponent;
			sourceTree = "<group>";
		};
		9098F23A2722DEAB00B658E6 /* PageViewComponent */ = {
			isa = PBXGroup;
			children = (
				9098F23B2722DEAB00B658E6 /* PageViewComponent.swift */,
				9098F23C2722DEAB00B658E6 /* PageViewComponentData.swift */,
			);
			path = PageViewComponent;
			sourceTree = "<group>";
		};
		9098F2552722DEB700B658E6 /* Models */ = {
			isa = PBXGroup;
			children = (
				9098F2562722DEB700B658E6 /* StateManagements */,
			);
			path = Models;
			sourceTree = "<group>";
		};
		9098F2562722DEB700B658E6 /* StateManagements */ = {
			isa = PBXGroup;
			children = (
				9098F2572722DEB700B658E6 /* ViewState.swift */,
			);
			path = StateManagements;
			sourceTree = "<group>";
		};
		9098F25E2722E01200B658E6 /* Extensions */ = {
			isa = PBXGroup;
			children = (
				9098F25F2722E02200B658E6 /* UIView+Extensions.swift */,
			);
			path = Extensions;
			sourceTree = "<group>";
		};
		9098F2612722E23600B658E6 /* Account */ = {
			isa = PBXGroup;
			children = (
				9098F2622722E27300B658E6 /* AccountViewDataProtocol.swift */,
				9098F2642722E2A900B658E6 /* AccountViewDataFormatter.swift */,
				9098F2692722ECAA00B658E6 /* AccountViewModel.swift */,
				9098F26B2722EFAE00B658E6 /* AccountViewController.swift */,
				9098F26D2722F18700B658E6 /* AccountViewBuilder.swift */,
			);
			path = Account;
			sourceTree = "<group>";
		};
		9098F27A2722F5F800B658E6 /* Login */ = {
			isa = PBXGroup;
			children = (
				9098F27B2722F5F800B658E6 /* LoginViewModel.swift */,
				9098F27C2722F5F800B658E6 /* LoginViewBuilder.swift */,
				9098F27D2722F5F800B658E6 /* LoginViewController.swift */,
			);
			path = Login;
			sourceTree = "<group>";
		};
		90B2F7A2272064AE00726A89 = {
			isa = PBXGroup;
			children = (
				90B2F7AD272064AE00726A89 /* AllHere */,
				90B2F7C4272064B600726A89 /* AllHereTests */,
				90B2F7CE272064B600726A89 /* AllHereUITests */,
				90B2F7AC272064AE00726A89 /* Products */,
			);
			sourceTree = "<group>";
		};
		90B2F7AC272064AE00726A89 /* Products */ = {
			isa = PBXGroup;
			children = (
				90B2F7AB272064AE00726A89 /* AllHere.app */,
				90B2F7C1272064B600726A89 /* AllHereTests.xctest */,
				90B2F7CB272064B600726A89 /* AllHereUITests.xctest */,
			);
			name = Products;
			sourceTree = "<group>";
		};
		90B2F7AD272064AE00726A89 /* AllHere */ = {
			isa = PBXGroup;
			children = (
				9098F2552722DEB700B658E6 /* Models */,
				9098F2192722DEAA00B658E6 /* Components */,
				90B2F8102720CF5000726A89 /* Managers */,
				90B2F7E7272074BF00726A89 /* Utilities */,
				90B2F7E1272073EF00726A89 /* SceneModules */,
				90B2F7AE272064AE00726A89 /* AppDelegate.swift */,
				90B2F7B2272064AE00726A89 /* ViewController.swift */,
				90B2F7B7272064B500726A89 /* Assets.xcassets */,
				90B2F7B9272064B500726A89 /* LaunchScreen.storyboard */,
				90B2F7BC272064B500726A89 /* Info.plist */,
			);
			path = AllHere;
			sourceTree = "<group>";
		};
		90B2F7C4272064B600726A89 /* AllHereTests */ = {
			isa = PBXGroup;
			children = (
				90B2F7C5272064B600726A89 /* AllHereTests.swift */,
			);
			path = AllHereTests;
			sourceTree = "<group>";
		};
		90B2F7CE272064B600726A89 /* AllHereUITests */ = {
			isa = PBXGroup;
			children = (
				90B2F7CF272064B600726A89 /* AllHereUITests.swift */,
				90B2F7D1272064B600726A89 /* AllHereUITestsLaunchTests.swift */,
			);
			path = AllHereUITests;
			sourceTree = "<group>";
		};
		90B2F7E1272073EF00726A89 /* SceneModules */ = {
			isa = PBXGroup;
			children = (
				9098F2612722E23600B658E6 /* Account */,
				90B2F8192720D19200726A89 /* Main */,
				9098F27A2722F5F800B658E6 /* Login */,
				90B2F7E2272073F400726A89 /* Splash */,
			);
			path = SceneModules;
			sourceTree = "<group>";
		};
		90B2F7E2272073F400726A89 /* Splash */ = {
			isa = PBXGroup;
			children = (
				90B2F7E32720740100726A89 /* SplashViewModel.swift */,
				90B2F7E52720747F00726A89 /* SplashViewController.swift */,
				90B2F80B272075D100726A89 /* SplashViewBuilder.swift */,
			);
			path = Splash;
			sourceTree = "<group>";
		};
		90B2F7E7272074BF00726A89 /* Utilities */ = {
			isa = PBXGroup;
			children = (
				9098F25E2722E01200B658E6 /* Extensions */,
				90B2F8072720754500726A89 /* AssetHelpers */,
				90B2F7E8272074C500726A89 /* FontManagers */,
			);
			path = Utilities;
			sourceTree = "<group>";
		};
		90B2F7E8272074C500726A89 /* FontManagers */ = {
			isa = PBXGroup;
			children = (
				90B2F804272074D900726A89 /* Helpers */,
				90B2F7E9272074D000726A89 /* Roboto */,
			);
			path = FontManagers;
			sourceTree = "<group>";
		};
		90B2F7E9272074D000726A89 /* Roboto */ = {
			isa = PBXGroup;
			children = (
				90B2F7EA272074D000726A89 /* Roboto-Medium.ttf */,
				90B2F7EB272074D000726A89 /* Roboto-Light.ttf */,
				90B2F7EC272074D000726A89 /* Roboto-Regular.ttf */,
				90B2F7ED272074D000726A89 /* Roboto-MediumItalic.ttf */,
				90B2F7EE272074D000726A89 /* Roboto-ThinItalic.ttf */,
				90B2F7EF272074D000726A89 /* Roboto-BoldItalic.ttf */,
				90B2F7F0272074D000726A89 /* Roboto-LightItalic.ttf */,
				90B2F7F1272074D000726A89 /* Roboto-Italic.ttf */,
				90B2F7F2272074D000726A89 /* LICENSE.txt */,
				90B2F7F3272074D000726A89 /* Roboto-BlackItalic.ttf */,
				90B2F7F4272074D000726A89 /* Roboto-Bold.ttf */,
				90B2F7F5272074D000726A89 /* Roboto-Thin.ttf */,
				90B2F7F6272074D000726A89 /* Roboto-Black.ttf */,
			);
			path = Roboto;
			sourceTree = "<group>";
		};
		90B2F804272074D900726A89 /* Helpers */ = {
			isa = PBXGroup;
			children = (
				90B2F805272074E500726A89 /* FontManager.swift */,
			);
			path = Helpers;
			sourceTree = "<group>";
		};
		90B2F8072720754500726A89 /* AssetHelpers */ = {
			isa = PBXGroup;
			children = (
				9098F2662722E2EC00B658E6 /* SFSymbolsHelper.swift */,
				90B2F8202720D24B00726A89 /* TabBarImages.swift */,
				90B2F8092720755E00726A89 /* BackgroundImages.swift */,
			);
			path = AssetHelpers;
			sourceTree = "<group>";
		};
		90B2F8102720CF5000726A89 /* Managers */ = {
			isa = PBXGroup;
			children = (
				90B2F8112720CF5700726A89 /* AuthenticationManager */,
			);
			path = Managers;
			sourceTree = "<group>";
		};
		90B2F8112720CF5700726A89 /* AuthenticationManager */ = {
			isa = PBXGroup;
			children = (
				90B2F8132720CF7B00726A89 /* AuthenticationManagerProtocol.swift */,
				90B2F8152720CF9B00726A89 /* AuthenticationRequest.swift */,
				90B2F8172720CFA800726A89 /* AuthenticationManager.swift */,
			);
			path = AuthenticationManager;
			sourceTree = "<group>";
		};
		90B2F8192720D19200726A89 /* Main */ = {
			isa = PBXGroup;
			children = (
				90B2F81A2720D1BE00726A89 /* MainViewBuilder.swift */,
				90B2F81B2720D1BF00726A89 /* MainViewController.swift */,
				90B2F81C2720D1BF00726A89 /* MainViewModel.swift */,
			);
			path = Main;
			sourceTree = "<group>";
		};
/* End PBXGroup section */

/* Begin PBXNativeTarget section */
		90B2F7AA272064AE00726A89 /* AllHere */ = {
			isa = PBXNativeTarget;
			buildConfigurationList = 90B2F7D5272064B600726A89 /* Build configuration list for PBXNativeTarget "AllHere" */;
			buildPhases = (
				90B2F7A7272064AE00726A89 /* Sources */,
				90B2F7A8272064AE00726A89 /* Frameworks */,
				90B2F7A9272064AE00726A89 /* Resources */,
			);
			buildRules = (
			);
			dependencies = (
			);
			name = AllHere;
			packageProductDependencies = (
				90B2F7DF2720737F00726A89 /* BaseComponents */,
				90B2F80E2720CDD400726A89 /* FirebaseAuth */,
			);
			productName = AllHere;
			productReference = 90B2F7AB272064AE00726A89 /* AllHere.app */;
			productType = "com.apple.product-type.application";
		};
		90B2F7C0272064B600726A89 /* AllHereTests */ = {
			isa = PBXNativeTarget;
			buildConfigurationList = 90B2F7D8272064B600726A89 /* Build configuration list for PBXNativeTarget "AllHereTests" */;
			buildPhases = (
				90B2F7BD272064B600726A89 /* Sources */,
				90B2F7BE272064B600726A89 /* Frameworks */,
				90B2F7BF272064B600726A89 /* Resources */,
			);
			buildRules = (
			);
			dependencies = (
				90B2F7C3272064B600726A89 /* PBXTargetDependency */,
			);
			name = AllHereTests;
			productName = AllHereTests;
			productReference = 90B2F7C1272064B600726A89 /* AllHereTests.xctest */;
			productType = "com.apple.product-type.bundle.unit-test";
		};
		90B2F7CA272064B600726A89 /* AllHereUITests */ = {
			isa = PBXNativeTarget;
			buildConfigurationList = 90B2F7DB272064B600726A89 /* Build configuration list for PBXNativeTarget "AllHereUITests" */;
			buildPhases = (
				90B2F7C7272064B600726A89 /* Sources */,
				90B2F7C8272064B600726A89 /* Frameworks */,
				90B2F7C9272064B600726A89 /* Resources */,
			);
			buildRules = (
			);
			dependencies = (
				90B2F7CD272064B600726A89 /* PBXTargetDependency */,
			);
			name = AllHereUITests;
			productName = AllHereUITests;
			productReference = 90B2F7CB272064B600726A89 /* AllHereUITests.xctest */;
			productType = "com.apple.product-type.bundle.ui-testing";
		};
/* End PBXNativeTarget section */

/* Begin PBXProject section */
		90B2F7A3272064AE00726A89 /* Project object */ = {
			isa = PBXProject;
			attributes = {
				BuildIndependentTargetsInParallel = 1;
				LastSwiftUpdateCheck = 1300;
				LastUpgradeCheck = 1300;
				TargetAttributes = {
					90B2F7AA272064AE00726A89 = {
						CreatedOnToolsVersion = 13.0;
					};
					90B2F7C0272064B600726A89 = {
						CreatedOnToolsVersion = 13.0;
						TestTargetID = 90B2F7AA272064AE00726A89;
					};
					90B2F7CA272064B600726A89 = {
						CreatedOnToolsVersion = 13.0;
						TestTargetID = 90B2F7AA272064AE00726A89;
					};
				};
			};
			buildConfigurationList = 90B2F7A6272064AE00726A89 /* Build configuration list for PBXProject "AllHere" */;
			compatibilityVersion = "Xcode 13.0";
			developmentRegion = en;
			hasScannedForEncodings = 0;
			knownRegions = (
				en,
				Base,
			);
			mainGroup = 90B2F7A2272064AE00726A89;
			packageReferences = (
				90B2F7DE2720737F00726A89 /* XCRemoteSwiftPackageReference "BaseComponents" */,
				90B2F80D2720CDD400726A89 /* XCRemoteSwiftPackageReference "firebase-ios-sdk" */,
			);
			productRefGroup = 90B2F7AC272064AE00726A89 /* Products */;
			projectDirPath = "";
			projectRoot = "";
			targets = (
				90B2F7AA272064AE00726A89 /* AllHere */,
				90B2F7C0272064B600726A89 /* AllHereTests */,
				90B2F7CA272064B600726A89 /* AllHereUITests */,
			);
		};
/* End PBXProject section */

/* Begin PBXResourcesBuildPhase section */
		90B2F7A9272064AE00726A89 /* Resources */ = {
			isa = PBXResourcesBuildPhase;
			buildActionMask = 2147483647;
			files = (
				90B2F802272074D000726A89 /* Roboto-Thin.ttf in Resources */,
				90B2F7FF272074D000726A89 /* LICENSE.txt in Resources */,
				90B2F803272074D000726A89 /* Roboto-Black.ttf in Resources */,
				90B2F801272074D000726A89 /* Roboto-Bold.ttf in Resources */,
				90B2F7BB272064B500726A89 /* LaunchScreen.storyboard in Resources */,
				90B2F7B8272064B500726A89 /* Assets.xcassets in Resources */,
				90B2F7FC272074D000726A89 /* Roboto-BoldItalic.ttf in Resources */,
				90B2F7F9272074D000726A89 /* Roboto-Regular.ttf in Resources */,
				90B2F7FB272074D000726A89 /* Roboto-ThinItalic.ttf in Resources */,
				90B2F7FD272074D000726A89 /* Roboto-LightItalic.ttf in Resources */,
				90B2F800272074D000726A89 /* Roboto-BlackItalic.ttf in Resources */,
				90B2F7F8272074D000726A89 /* Roboto-Light.ttf in Resources */,
				90B2F7FE272074D000726A89 /* Roboto-Italic.ttf in Resources */,
				90B2F7FA272074D000726A89 /* Roboto-MediumItalic.ttf in Resources */,
				90B2F7F7272074D000726A89 /* Roboto-Medium.ttf in Resources */,
			);
			runOnlyForDeploymentPostprocessing = 0;
		};
		90B2F7BF272064B600726A89 /* Resources */ = {
			isa = PBXResourcesBuildPhase;
			buildActionMask = 2147483647;
			files = (
			);
			runOnlyForDeploymentPostprocessing = 0;
		};
		90B2F7C9272064B600726A89 /* Resources */ = {
			isa = PBXResourcesBuildPhase;
			buildActionMask = 2147483647;
			files = (
			);
			runOnlyForDeploymentPostprocessing = 0;
		};
/* End PBXResourcesBuildPhase section */

/* Begin PBXSourcesBuildPhase section */
		90B2F7A7272064AE00726A89 /* Sources */ = {
			isa = PBXSourcesBuildPhase;
			buildActionMask = 2147483647;
			files = (
				9098F2432722DEAB00B658E6 /* EmailLoginView.swift in Sources */,
				9098F2532722DEAB00B658E6 /* PageViewComponent.swift in Sources */,
				9098F2492722DEAB00B658E6 /* ItemTableViewCell.swift in Sources */,
				9098F2472722DEAB00B658E6 /* LabelPackComponent.swift in Sources */,
				90B2F81D2720D1BF00726A89 /* MainViewBuilder.swift in Sources */,
				9098F24D2722DEAB00B658E6 /* ItemListView.swift in Sources */,
				9098F26C2722EFAE00B658E6 /* AccountViewController.swift in Sources */,
				9098F2672722E2EC00B658E6 /* SFSymbolsHelper.swift in Sources */,
				9098F27E2722F5F800B658E6 /* LoginViewModel.swift in Sources */,
				9098F24F2722DEAB00B658E6 /* TextFieldViewData.swift in Sources */,
				90B2F806272074E500726A89 /* FontManager.swift in Sources */,
				90B2F80A2720755E00726A89 /* BackgroundImages.swift in Sources */,
				90B2F81E2720D1C000726A89 /* MainViewController.swift in Sources */,
				9098F24B2722DEAB00B658E6 /* ItemListViewData.swift in Sources */,
				9098F2482722DEAB00B658E6 /* ItemTableViewCellData.swift in Sources */,
				9098F2632722E27300B658E6 /* AccountViewDataProtocol.swift in Sources */,
				9098F2602722E02200B658E6 /* UIView+Extensions.swift in Sources */,
				9098F2412722DEAB00B658E6 /* LoginAuthenticationViewData.swift in Sources */,
				9098F2542722DEAB00B658E6 /* PageViewComponentData.swift in Sources */,
				90B2F80C272075D100726A89 /* SplashViewBuilder.swift in Sources */,
				9098F23E2722DEAB00B658E6 /* ActionButtonData.swift in Sources */,
				90B2F8212720D24B00726A89 /* TabBarImages.swift in Sources */,
				9098F27F2722F5F800B658E6 /* LoginViewBuilder.swift in Sources */,
				9098F2512722DEAB00B658E6 /* HeaderViewData.swift in Sources */,
				9098F23F2722DEAB00B658E6 /* ActionButton.swift in Sources */,
				9098F26A2722ECAA00B658E6 /* AccountViewModel.swift in Sources */,
				90B2F81F2720D1C000726A89 /* MainViewModel.swift in Sources */,
				90B2F8182720CFA800726A89 /* AuthenticationManager.swift in Sources */,
				9098F2652722E2A900B658E6 /* AccountViewDataFormatter.swift in Sources */,
				9098F24C2722DEAB00B658E6 /* ItemListProtocol.swift in Sources */,
				9098F24E2722DEAB00B658E6 /* TextFieldView.swift in Sources */,
				9098F2582722DEB700B658E6 /* ViewState.swift in Sources */,
				9098F23D2722DEAB00B658E6 /* ActionButtonType.swift in Sources */,
				90B2F8142720CF7B00726A89 /* AuthenticationManagerProtocol.swift in Sources */,
				9098F2502722DEAB00B658E6 /* HeaderView.swift in Sources */,
				90B2F7E42720740100726A89 /* SplashViewModel.swift in Sources */,
				9098F2402722DEAB00B658E6 /* ActionButtonTheme.swift in Sources */,
				90B2F7B3272064AE00726A89 /* ViewController.swift in Sources */,
				9098F2442722DEAB00B658E6 /* EmailLoginViewData.swift in Sources */,
				9098F2422722DEAB00B658E6 /* LoginAuthenticationView.swift in Sources */,
				9098F2802722F5F800B658E6 /* LoginViewController.swift in Sources */,
				9098F26E2722F18700B658E6 /* AccountViewBuilder.swift in Sources */,
				9098F2462722DEAB00B658E6 /* LabelPackComponentData.swift in Sources */,
				90B2F7AF272064AE00726A89 /* AppDelegate.swift in Sources */,
				90B2F8162720CF9B00726A89 /* AuthenticationRequest.swift in Sources */,
				9098F2452722DEAB00B658E6 /* LabelDistributionData.swift in Sources */,
				90B2F7E62720747F00726A89 /* SplashViewController.swift in Sources */,
			);
			runOnlyForDeploymentPostprocessing = 0;
		};
		90B2F7BD272064B600726A89 /* Sources */ = {
			isa = PBXSourcesBuildPhase;
			buildActionMask = 2147483647;
			files = (
				90B2F7C6272064B600726A89 /* AllHereTests.swift in Sources */,
			);
			runOnlyForDeploymentPostprocessing = 0;
		};
		90B2F7C7272064B600726A89 /* Sources */ = {
			isa = PBXSourcesBuildPhase;
			buildActionMask = 2147483647;
			files = (
				90B2F7D2272064B600726A89 /* AllHereUITestsLaunchTests.swift in Sources */,
				90B2F7D0272064B600726A89 /* AllHereUITests.swift in Sources */,
			);
			runOnlyForDeploymentPostprocessing = 0;
		};
/* End PBXSourcesBuildPhase section */

/* Begin PBXTargetDependency section */
		90B2F7C3272064B600726A89 /* PBXTargetDependency */ = {
			isa = PBXTargetDependency;
			target = 90B2F7AA272064AE00726A89 /* AllHere */;
			targetProxy = 90B2F7C2272064B600726A89 /* PBXContainerItemProxy */;
		};
		90B2F7CD272064B600726A89 /* PBXTargetDependency */ = {
			isa = PBXTargetDependency;
			target = 90B2F7AA272064AE00726A89 /* AllHere */;
			targetProxy = 90B2F7CC272064B600726A89 /* PBXContainerItemProxy */;
		};
/* End PBXTargetDependency section */

/* Begin PBXVariantGroup section */
		90B2F7B9272064B500726A89 /* LaunchScreen.storyboard */ = {
			isa = PBXVariantGroup;
			children = (
				90B2F7BA272064B500726A89 /* Base */,
			);
			name = LaunchScreen.storyboard;
			sourceTree = "<group>";
		};
/* End PBXVariantGroup section */

/* Begin XCBuildConfiguration section */
		90B2F7D3272064B600726A89 /* Debug */ = {
			isa = XCBuildConfiguration;
			buildSettings = {
				ALWAYS_SEARCH_USER_PATHS = NO;
				CLANG_ANALYZER_NONNULL = YES;
				CLANG_ANALYZER_NUMBER_OBJECT_CONVERSION = YES_AGGRESSIVE;
				CLANG_CXX_LANGUAGE_STANDARD = "gnu++17";
				CLANG_CXX_LIBRARY = "libc++";
				CLANG_ENABLE_MODULES = YES;
				CLANG_ENABLE_OBJC_ARC = YES;
				CLANG_ENABLE_OBJC_WEAK = YES;
				CLANG_WARN_BLOCK_CAPTURE_AUTORELEASING = YES;
				CLANG_WARN_BOOL_CONVERSION = YES;
				CLANG_WARN_COMMA = YES;
				CLANG_WARN_CONSTANT_CONVERSION = YES;
				CLANG_WARN_DEPRECATED_OBJC_IMPLEMENTATIONS = YES;
				CLANG_WARN_DIRECT_OBJC_ISA_USAGE = YES_ERROR;
				CLANG_WARN_DOCUMENTATION_COMMENTS = YES;
				CLANG_WARN_EMPTY_BODY = YES;
				CLANG_WARN_ENUM_CONVERSION = YES;
				CLANG_WARN_INFINITE_RECURSION = YES;
				CLANG_WARN_INT_CONVERSION = YES;
				CLANG_WARN_NON_LITERAL_NULL_CONVERSION = YES;
				CLANG_WARN_OBJC_IMPLICIT_RETAIN_SELF = YES;
				CLANG_WARN_OBJC_LITERAL_CONVERSION = YES;
				CLANG_WARN_OBJC_ROOT_CLASS = YES_ERROR;
				CLANG_WARN_QUOTED_INCLUDE_IN_FRAMEWORK_HEADER = YES;
				CLANG_WARN_RANGE_LOOP_ANALYSIS = YES;
				CLANG_WARN_STRICT_PROTOTYPES = YES;
				CLANG_WARN_SUSPICIOUS_MOVE = YES;
				CLANG_WARN_UNGUARDED_AVAILABILITY = YES_AGGRESSIVE;
				CLANG_WARN_UNREACHABLE_CODE = YES;
				CLANG_WARN__DUPLICATE_METHOD_MATCH = YES;
				COPY_PHASE_STRIP = NO;
				DEBUG_INFORMATION_FORMAT = dwarf;
				ENABLE_STRICT_OBJC_MSGSEND = YES;
				ENABLE_TESTABILITY = YES;
				GCC_C_LANGUAGE_STANDARD = gnu11;
				GCC_DYNAMIC_NO_PIC = NO;
				GCC_NO_COMMON_BLOCKS = YES;
				GCC_OPTIMIZATION_LEVEL = 0;
				GCC_PREPROCESSOR_DEFINITIONS = (
					"DEBUG=1",
					"$(inherited)",
				);
				GCC_WARN_64_TO_32_BIT_CONVERSION = YES;
				GCC_WARN_ABOUT_RETURN_TYPE = YES_ERROR;
				GCC_WARN_UNDECLARED_SELECTOR = YES;
				GCC_WARN_UNINITIALIZED_AUTOS = YES_AGGRESSIVE;
				GCC_WARN_UNUSED_FUNCTION = YES;
				GCC_WARN_UNUSED_VARIABLE = YES;
				IPHONEOS_DEPLOYMENT_TARGET = 15.0;
				MTL_ENABLE_DEBUG_INFO = INCLUDE_SOURCE;
				MTL_FAST_MATH = YES;
				ONLY_ACTIVE_ARCH = YES;
				SDKROOT = iphoneos;
				SWIFT_ACTIVE_COMPILATION_CONDITIONS = DEBUG;
				SWIFT_OPTIMIZATION_LEVEL = "-Onone";
			};
			name = Debug;
		};
		90B2F7D4272064B600726A89 /* Release */ = {
			isa = XCBuildConfiguration;
			buildSettings = {
				ALWAYS_SEARCH_USER_PATHS = NO;
				CLANG_ANALYZER_NONNULL = YES;
				CLANG_ANALYZER_NUMBER_OBJECT_CONVERSION = YES_AGGRESSIVE;
				CLANG_CXX_LANGUAGE_STANDARD = "gnu++17";
				CLANG_CXX_LIBRARY = "libc++";
				CLANG_ENABLE_MODULES = YES;
				CLANG_ENABLE_OBJC_ARC = YES;
				CLANG_ENABLE_OBJC_WEAK = YES;
				CLANG_WARN_BLOCK_CAPTURE_AUTORELEASING = YES;
				CLANG_WARN_BOOL_CONVERSION = YES;
				CLANG_WARN_COMMA = YES;
				CLANG_WARN_CONSTANT_CONVERSION = YES;
				CLANG_WARN_DEPRECATED_OBJC_IMPLEMENTATIONS = YES;
				CLANG_WARN_DIRECT_OBJC_ISA_USAGE = YES_ERROR;
				CLANG_WARN_DOCUMENTATION_COMMENTS = YES;
				CLANG_WARN_EMPTY_BODY = YES;
				CLANG_WARN_ENUM_CONVERSION = YES;
				CLANG_WARN_INFINITE_RECURSION = YES;
				CLANG_WARN_INT_CONVERSION = YES;
				CLANG_WARN_NON_LITERAL_NULL_CONVERSION = YES;
				CLANG_WARN_OBJC_IMPLICIT_RETAIN_SELF = YES;
				CLANG_WARN_OBJC_LITERAL_CONVERSION = YES;
				CLANG_WARN_OBJC_ROOT_CLASS = YES_ERROR;
				CLANG_WARN_QUOTED_INCLUDE_IN_FRAMEWORK_HEADER = YES;
				CLANG_WARN_RANGE_LOOP_ANALYSIS = YES;
				CLANG_WARN_STRICT_PROTOTYPES = YES;
				CLANG_WARN_SUSPICIOUS_MOVE = YES;
				CLANG_WARN_UNGUARDED_AVAILABILITY = YES_AGGRESSIVE;
				CLANG_WARN_UNREACHABLE_CODE = YES;
				CLANG_WARN__DUPLICATE_METHOD_MATCH = YES;
				COPY_PHASE_STRIP = NO;
				DEBUG_INFORMATION_FORMAT = "dwarf-with-dsym";
				ENABLE_NS_ASSERTIONS = NO;
				ENABLE_STRICT_OBJC_MSGSEND = YES;
				GCC_C_LANGUAGE_STANDARD = gnu11;
				GCC_NO_COMMON_BLOCKS = YES;
				GCC_WARN_64_TO_32_BIT_CONVERSION = YES;
				GCC_WARN_ABOUT_RETURN_TYPE = YES_ERROR;
				GCC_WARN_UNDECLARED_SELECTOR = YES;
				GCC_WARN_UNINITIALIZED_AUTOS = YES_AGGRESSIVE;
				GCC_WARN_UNUSED_FUNCTION = YES;
				GCC_WARN_UNUSED_VARIABLE = YES;
				IPHONEOS_DEPLOYMENT_TARGET = 15.0;
				MTL_ENABLE_DEBUG_INFO = NO;
				MTL_FAST_MATH = YES;
				SDKROOT = iphoneos;
				SWIFT_COMPILATION_MODE = wholemodule;
				SWIFT_OPTIMIZATION_LEVEL = "-O";
				VALIDATE_PRODUCT = YES;
			};
			name = Release;
		};
		90B2F7D6272064B600726A89 /* Debug */ = {
			isa = XCBuildConfiguration;
			buildSettings = {
				ASSETCATALOG_COMPILER_APPICON_NAME = AppIcon;
				ASSETCATALOG_COMPILER_GLOBAL_ACCENT_COLOR_NAME = AccentColor;
				CODE_SIGN_STYLE = Automatic;
				CURRENT_PROJECT_VERSION = 1;
				DEVELOPMENT_TEAM = K837NJXMYB;
				GENERATE_INFOPLIST_FILE = YES;
				INFOPLIST_FILE = AllHere/Info.plist;
				INFOPLIST_KEY_UIApplicationSupportsIndirectInputEvents = YES;
				INFOPLIST_KEY_UILaunchStoryboardName = LaunchScreen;
				INFOPLIST_KEY_UISupportedInterfaceOrientations_iPad = "UIInterfaceOrientationPortrait UIInterfaceOrientationPortraitUpsideDown UIInterfaceOrientationLandscapeLeft UIInterfaceOrientationLandscapeRight";
				INFOPLIST_KEY_UISupportedInterfaceOrientations_iPhone = "UIInterfaceOrientationPortrait UIInterfaceOrientationLandscapeLeft UIInterfaceOrientationLandscapeRight";
				LD_RUNPATH_SEARCH_PATHS = (
					"$(inherited)",
					"@executable_path/Frameworks",
				);
				MARKETING_VERSION = 1.0;
				PRODUCT_BUNDLE_IDENTIFIER = com.emircan.AllHere;
				PRODUCT_NAME = "$(TARGET_NAME)";
				SWIFT_EMIT_LOC_STRINGS = YES;
				SWIFT_VERSION = 5.0;
				TARGETED_DEVICE_FAMILY = "1,2";
			};
			name = Debug;
		};
		90B2F7D7272064B600726A89 /* Release */ = {
			isa = XCBuildConfiguration;
			buildSettings = {
				ASSETCATALOG_COMPILER_APPICON_NAME = AppIcon;
				ASSETCATALOG_COMPILER_GLOBAL_ACCENT_COLOR_NAME = AccentColor;
				CODE_SIGN_STYLE = Automatic;
				CURRENT_PROJECT_VERSION = 1;
				DEVELOPMENT_TEAM = K837NJXMYB;
				GENERATE_INFOPLIST_FILE = YES;
				INFOPLIST_FILE = AllHere/Info.plist;
				INFOPLIST_KEY_UIApplicationSupportsIndirectInputEvents = YES;
				INFOPLIST_KEY_UILaunchStoryboardName = LaunchScreen;
				INFOPLIST_KEY_UISupportedInterfaceOrientations_iPad = "UIInterfaceOrientationPortrait UIInterfaceOrientationPortraitUpsideDown UIInterfaceOrientationLandscapeLeft UIInterfaceOrientationLandscapeRight";
				INFOPLIST_KEY_UISupportedInterfaceOrientations_iPhone = "UIInterfaceOrientationPortrait UIInterfaceOrientationLandscapeLeft UIInterfaceOrientationLandscapeRight";
				LD_RUNPATH_SEARCH_PATHS = (
					"$(inherited)",
					"@executable_path/Frameworks",
				);
				MARKETING_VERSION = 1.0;
				PRODUCT_BUNDLE_IDENTIFIER = com.emircan.AllHere;
				PRODUCT_NAME = "$(TARGET_NAME)";
				SWIFT_EMIT_LOC_STRINGS = YES;
				SWIFT_VERSION = 5.0;
				TARGETED_DEVICE_FAMILY = "1,2";
			};
			name = Release;
		};
		90B2F7D9272064B600726A89 /* Debug */ = {
			isa = XCBuildConfiguration;
			buildSettings = {
				ALWAYS_EMBED_SWIFT_STANDARD_LIBRARIES = YES;
				BUNDLE_LOADER = "$(TEST_HOST)";
				CODE_SIGN_STYLE = Automatic;
				CURRENT_PROJECT_VERSION = 1;
				DEVELOPMENT_TEAM = K837NJXMYB;
				GENERATE_INFOPLIST_FILE = YES;
				IPHONEOS_DEPLOYMENT_TARGET = 15.0;
				LD_RUNPATH_SEARCH_PATHS = (
					"$(inherited)",
					"@executable_path/Frameworks",
					"@loader_path/Frameworks",
				);
				MARKETING_VERSION = 1.0;
				PRODUCT_BUNDLE_IDENTIFIER = com.emircan.AllHereTests;
				PRODUCT_NAME = "$(TARGET_NAME)";
				SWIFT_EMIT_LOC_STRINGS = NO;
				SWIFT_VERSION = 5.0;
				TARGETED_DEVICE_FAMILY = "1,2";
				TEST_HOST = "$(BUILT_PRODUCTS_DIR)/AllHere.app/AllHere";
			};
			name = Debug;
		};
		90B2F7DA272064B600726A89 /* Release */ = {
			isa = XCBuildConfiguration;
			buildSettings = {
				ALWAYS_EMBED_SWIFT_STANDARD_LIBRARIES = YES;
				BUNDLE_LOADER = "$(TEST_HOST)";
				CODE_SIGN_STYLE = Automatic;
				CURRENT_PROJECT_VERSION = 1;
				DEVELOPMENT_TEAM = K837NJXMYB;
				GENERATE_INFOPLIST_FILE = YES;
				IPHONEOS_DEPLOYMENT_TARGET = 15.0;
				LD_RUNPATH_SEARCH_PATHS = (
					"$(inherited)",
					"@executable_path/Frameworks",
					"@loader_path/Frameworks",
				);
				MARKETING_VERSION = 1.0;
				PRODUCT_BUNDLE_IDENTIFIER = com.emircan.AllHereTests;
				PRODUCT_NAME = "$(TARGET_NAME)";
				SWIFT_EMIT_LOC_STRINGS = NO;
				SWIFT_VERSION = 5.0;
				TARGETED_DEVICE_FAMILY = "1,2";
				TEST_HOST = "$(BUILT_PRODUCTS_DIR)/AllHere.app/AllHere";
			};
			name = Release;
		};
		90B2F7DC272064B600726A89 /* Debug */ = {
			isa = XCBuildConfiguration;
			buildSettings = {
				ALWAYS_EMBED_SWIFT_STANDARD_LIBRARIES = YES;
				CODE_SIGN_STYLE = Automatic;
				CURRENT_PROJECT_VERSION = 1;
				DEVELOPMENT_TEAM = K837NJXMYB;
				GENERATE_INFOPLIST_FILE = YES;
				LD_RUNPATH_SEARCH_PATHS = (
					"$(inherited)",
					"@executable_path/Frameworks",
					"@loader_path/Frameworks",
				);
				MARKETING_VERSION = 1.0;
				PRODUCT_BUNDLE_IDENTIFIER = com.emircan.AllHereUITests;
				PRODUCT_NAME = "$(TARGET_NAME)";
				SWIFT_EMIT_LOC_STRINGS = NO;
				SWIFT_VERSION = 5.0;
				TARGETED_DEVICE_FAMILY = "1,2";
				TEST_TARGET_NAME = AllHere;
			};
			name = Debug;
		};
		90B2F7DD272064B600726A89 /* Release */ = {
			isa = XCBuildConfiguration;
			buildSettings = {
				ALWAYS_EMBED_SWIFT_STANDARD_LIBRARIES = YES;
				CODE_SIGN_STYLE = Automatic;
				CURRENT_PROJECT_VERSION = 1;
				DEVELOPMENT_TEAM = K837NJXMYB;
				GENERATE_INFOPLIST_FILE = YES;
				LD_RUNPATH_SEARCH_PATHS = (
					"$(inherited)",
					"@executable_path/Frameworks",
					"@loader_path/Frameworks",
				);
				MARKETING_VERSION = 1.0;
				PRODUCT_BUNDLE_IDENTIFIER = com.emircan.AllHereUITests;
				PRODUCT_NAME = "$(TARGET_NAME)";
				SWIFT_EMIT_LOC_STRINGS = NO;
				SWIFT_VERSION = 5.0;
				TARGETED_DEVICE_FAMILY = "1,2";
				TEST_TARGET_NAME = AllHere;
			};
			name = Release;
		};
/* End XCBuildConfiguration section */

/* Begin XCConfigurationList section */
		90B2F7A6272064AE00726A89 /* Build configuration list for PBXProject "AllHere" */ = {
			isa = XCConfigurationList;
			buildConfigurations = (
				90B2F7D3272064B600726A89 /* Debug */,
				90B2F7D4272064B600726A89 /* Release */,
			);
			defaultConfigurationIsVisible = 0;
			defaultConfigurationName = Release;
		};
		90B2F7D5272064B600726A89 /* Build configuration list for PBXNativeTarget "AllHere" */ = {
			isa = XCConfigurationList;
			buildConfigurations = (
				90B2F7D6272064B600726A89 /* Debug */,
				90B2F7D7272064B600726A89 /* Release */,
			);
			defaultConfigurationIsVisible = 0;
			defaultConfigurationName = Release;
		};
		90B2F7D8272064B600726A89 /* Build configuration list for PBXNativeTarget "AllHereTests" */ = {
			isa = XCConfigurationList;
			buildConfigurations = (
				90B2F7D9272064B600726A89 /* Debug */,
				90B2F7DA272064B600726A89 /* Release */,
			);
			defaultConfigurationIsVisible = 0;
			defaultConfigurationName = Release;
		};
		90B2F7DB272064B600726A89 /* Build configuration list for PBXNativeTarget "AllHereUITests" */ = {
			isa = XCConfigurationList;
			buildConfigurations = (
				90B2F7DC272064B600726A89 /* Debug */,
				90B2F7DD272064B600726A89 /* Release */,
			);
			defaultConfigurationIsVisible = 0;
			defaultConfigurationName = Release;
		};
/* End XCConfigurationList section */

/* Begin XCRemoteSwiftPackageReference section */
		90B2F7DE2720737F00726A89 /* XCRemoteSwiftPackageReference "BaseComponents" */ = {
			isa = XCRemoteSwiftPackageReference;
			repositoryURL = "https://github.com/darkbringer1/BaseComponents.git";
			requirement = {
				kind = upToNextMajorVersion;
				minimumVersion = 1.2.2;
			};
		};
		90B2F80D2720CDD400726A89 /* XCRemoteSwiftPackageReference "firebase-ios-sdk" */ = {
			isa = XCRemoteSwiftPackageReference;
			repositoryURL = "https://github.com/firebase/firebase-ios-sdk.git";
			requirement = {
				kind = upToNextMajorVersion;
				minimumVersion = 8.0.0;
			};
		};
/* End XCRemoteSwiftPackageReference section */

/* Begin XCSwiftPackageProductDependency section */
		90B2F7DF2720737F00726A89 /* BaseComponents */ = {
			isa = XCSwiftPackageProductDependency;
			package = 90B2F7DE2720737F00726A89 /* XCRemoteSwiftPackageReference "BaseComponents" */;
			productName = BaseComponents;
		};
		90B2F80E2720CDD400726A89 /* FirebaseAuth */ = {
			isa = XCSwiftPackageProductDependency;
			package = 90B2F80D2720CDD400726A89 /* XCRemoteSwiftPackageReference "firebase-ios-sdk" */;
			productName = FirebaseAuth;
		};
/* End XCSwiftPackageProductDependency section */
	};
	rootObject = 90B2F7A3272064AE00726A89 /* Project object */;
}
